{
    "_readme": [
        "This file locks the dependencies of your project to a known state",
        "Read more about it at https://getcomposer.org/doc/01-basic-usage.md#installing-dependencies",
        "This file is @generated automatically"
    ],
    "content-hash": "4b46ffacd67d53030536998296e5f6ed",
    "packages": [
        {
            "name": "utopia-php/cli",
            "version": "0.16.0",
            "source": {
                "type": "git",
                "url": "https://github.com/utopia-php/cli.git",
                "reference": "5b936638c90c86d1bae83d0dbe81fe14d12ff8ff"
            },
            "dist": {
                "type": "zip",
                "url": "https://api.github.com/repos/utopia-php/cli/zipball/5b936638c90c86d1bae83d0dbe81fe14d12ff8ff",
                "reference": "5b936638c90c86d1bae83d0dbe81fe14d12ff8ff",
                "shasum": ""
            },
            "require": {
                "php": ">=7.4",
                "utopia-php/framework": "0.*.*"
            },
            "require-dev": {
                "laravel/pint": "1.2.*",
                "phpunit/phpunit": "^9.3",
                "squizlabs/php_codesniffer": "^3.6",
                "vimeo/psalm": "4.0.1"
            },
            "type": "library",
            "autoload": {
                "psr-4": {
                    "Utopia\\CLI\\": "src/CLI"
                }
            },
            "notification-url": "https://packagist.org/downloads/",
            "license": [
                "MIT"
            ],
            "description": "A simple CLI library to manage command line applications",
            "keywords": [
                "cli",
                "command line",
                "framework",
                "php",
                "upf",
                "utopia"
            ],
            "support": {
                "issues": "https://github.com/utopia-php/cli/issues",
                "source": "https://github.com/utopia-php/cli/tree/0.16.0"
            },
            "time": "2023-08-05T13:13:08+00:00"
        },
        {
            "name": "utopia-php/fetch",
            "version": "0.2.1",
            "source": {
                "type": "git",
                "url": "https://github.com/utopia-php/fetch.git",
                "reference": "1423c0ee3eef944d816ca6e31706895b585aea82"
            },
            "dist": {
                "type": "zip",
                "url": "https://api.github.com/repos/utopia-php/fetch/zipball/1423c0ee3eef944d816ca6e31706895b585aea82",
                "reference": "1423c0ee3eef944d816ca6e31706895b585aea82",
                "shasum": ""
            },
            "require": {
                "php": ">=8.0"
            },
            "require-dev": {
                "laravel/pint": "^1.5.0",
                "phpstan/phpstan": "^1.10",
                "phpunit/phpunit": "^9.5"
            },
            "type": "library",
            "autoload": {
                "psr-4": {
                    "Utopia\\Fetch\\": "src/"
                }
            },
            "notification-url": "https://packagist.org/downloads/",
            "license": [
                "MIT"
            ],
            "description": "A simple library that provides an interface for making HTTP Requests.",
            "support": {
                "issues": "https://github.com/utopia-php/fetch/issues",
                "source": "https://github.com/utopia-php/fetch/tree/0.2.1"
            },
            "time": "2024-03-18T11:50:59+00:00"
        },
        {
            "name": "utopia-php/framework",
            "version": "0.33.8",
            "source": {
                "type": "git",
                "url": "https://github.com/utopia-php/http.git",
                "reference": "a7f577540a25cb90896fef2b64767bf8d700f3c5"
            },
            "dist": {
                "type": "zip",
                "url": "https://api.github.com/repos/utopia-php/http/zipball/a7f577540a25cb90896fef2b64767bf8d700f3c5",
                "reference": "a7f577540a25cb90896fef2b64767bf8d700f3c5",
                "shasum": ""
            },
            "require": {
                "php": ">=8.0"
            },
            "require-dev": {
                "laravel/pint": "^1.2",
                "phpbench/phpbench": "^1.2",
                "phpstan/phpstan": "^1.10",
                "phpunit/phpunit": "^9.5.25"
            },
            "type": "library",
            "autoload": {
                "psr-4": {
                    "Utopia\\": "src/"
                }
            },
            "notification-url": "https://packagist.org/downloads/",
            "license": [
                "MIT"
            ],
            "description": "A simple, light and advanced PHP framework",
            "keywords": [
                "framework",
                "php",
                "upf"
            ],
            "support": {
                "issues": "https://github.com/utopia-php/http/issues",
                "source": "https://github.com/utopia-php/http/tree/0.33.8"
            },
            "time": "2024-08-15T14:10:09+00:00"
        }
    ],
    "packages-dev": [],
    "aliases": [],
    "minimum-stability": "stable",
    "stability-flags": [],
    "prefer-stable": false,
    "prefer-lowest": false,
    "platform": [],
    "platform-dev": [],
    "plugin-api-version": "2.6.0"
}
